// !$*UTF8*$!
{
	archiveVersion = 1;
	classes = {
	};
	objectVersion = 56;
	objects = {

/* Begin PBXBuildFile section */
		0943D6C2DD11F3DC6F479251 /* Pods_SeamLabsTask_SeamLabsTaskUITests.framework in Frameworks */ = {isa = PBXBuildFile; fileRef = F5428448729A8DCAFB26CBB2 /* Pods_SeamLabsTask_SeamLabsTaskUITests.framework */; };
		364098ED6E4CBCB51CA5FF80 /* Pods_SeamLabsTask.framework in Frameworks */ = {isa = PBXBuildFile; fileRef = 8B1936A73AEF20332F3F4EE2 /* Pods_SeamLabsTask.framework */; };
		410BF1522AA78A81001359F7 /* NewsServices.swift in Sources */ = {isa = PBXBuildFile; fileRef = 410BF1512AA78A81001359F7 /* NewsServices.swift */; };
		410FA6E22AA64A5C00A771C1 /* Date.swift in Sources */ = {isa = PBXBuildFile; fileRef = 410FA6E12AA64A5C00A771C1 /* Date.swift */; };
		410FA6E42AA6569D00A771C1 /* DatabaseManager.swift in Sources */ = {isa = PBXBuildFile; fileRef = 410FA6E32AA6569D00A771C1 /* DatabaseManager.swift */; };
		410FA6E62AA658D000A771C1 /* PersistenceController.swift in Sources */ = {isa = PBXBuildFile; fileRef = 410FA6E52AA658D000A771C1 /* PersistenceController.swift */; };
		410FA6E82AA65D3500A771C1 /* Constants.swift in Sources */ = {isa = PBXBuildFile; fileRef = 410FA6E72AA65D3500A771C1 /* Constants.swift */; };
		410FA6EA2AA65F2800A771C1 /* NewsDateilsCoordinator.swift in Sources */ = {isa = PBXBuildFile; fileRef = 410FA6E92AA65F2800A771C1 /* NewsDateilsCoordinator.swift */; };
		410FA6EC2AA65FDB00A771C1 /* NeswDetailsViewModel.swift in Sources */ = {isa = PBXBuildFile; fileRef = 410FA6EB2AA65FDB00A771C1 /* NeswDetailsViewModel.swift */; };
		410FA6EE2AA6671800A771C1 /* UiView.swift in Sources */ = {isa = PBXBuildFile; fileRef = 410FA6ED2AA6671800A771C1 /* UiView.swift */; };
		410FA6F02AA667CD00A771C1 /* String.swift in Sources */ = {isa = PBXBuildFile; fileRef = 410FA6EF2AA667CD00A771C1 /* String.swift */; };
		412DB42A2AA75C6100B38F82 /* NewsViewModelTest.swift in Sources */ = {isa = PBXBuildFile; fileRef = 412DB4292AA75C6100B38F82 /* NewsViewModelTest.swift */; };
		414A0C0B2AA627BE0000F52C /* NewsCell.swift in Sources */ = {isa = PBXBuildFile; fileRef = 414A0C092AA627BE0000F52C /* NewsCell.swift */; };
		414A0C0C2AA627BE0000F52C /* NewsCell.xib in Resources */ = {isa = PBXBuildFile; fileRef = 414A0C0A2AA627BE0000F52C /* NewsCell.xib */; };
		414A0C102AA628AF0000F52C /* ArticlesResponseData.swift in Sources */ = {isa = PBXBuildFile; fileRef = 414A0C0D2AA628AF0000F52C /* ArticlesResponseData.swift */; };
		414A0C112AA628AF0000F52C /* Articles.swift in Sources */ = {isa = PBXBuildFile; fileRef = 414A0C0E2AA628AF0000F52C /* Articles.swift */; };
		414A0C122AA628AF0000F52C /* Source.swift in Sources */ = {isa = PBXBuildFile; fileRef = 414A0C0F2AA628AF0000F52C /* Source.swift */; };
		414A0C152AA62A420000F52C /* Spinner.swift in Sources */ = {isa = PBXBuildFile; fileRef = 414A0C142AA62A420000F52C /* Spinner.swift */; };
		418456632AA5C46E00D636BB /* AppDelegate.swift in Sources */ = {isa = PBXBuildFile; fileRef = 418456622AA5C46E00D636BB /* AppDelegate.swift */; };
		418456652AA5C46E00D636BB /* SceneDelegate.swift in Sources */ = {isa = PBXBuildFile; fileRef = 418456642AA5C46E00D636BB /* SceneDelegate.swift */; };
		4184566D2AA5C46E00D636BB /* ArticlesData.xcdatamodeld in Sources */ = {isa = PBXBuildFile; fileRef = 4184566B2AA5C46E00D636BB /* ArticlesData.xcdatamodeld */; };
		4184566F2AA5C47200D636BB /* Assets.xcassets in Resources */ = {isa = PBXBuildFile; fileRef = 4184566E2AA5C47200D636BB /* Assets.xcassets */; };
		418456722AA5C47200D636BB /* LaunchScreen.storyboard in Resources */ = {isa = PBXBuildFile; fileRef = 418456702AA5C47200D636BB /* LaunchScreen.storyboard */; };
		418456872AA5C47300D636BB /* SeamLabsTaskUITests.swift in Sources */ = {isa = PBXBuildFile; fileRef = 418456862AA5C47300D636BB /* SeamLabsTaskUITests.swift */; };
		418456892AA5C47300D636BB /* SeamLabsTaskUITestsLaunchTests.swift in Sources */ = {isa = PBXBuildFile; fileRef = 418456882AA5C47300D636BB /* SeamLabsTaskUITestsLaunchTests.swift */; };
		4184569F2AA5C66500D636BB /* NewsViewController.swift in Sources */ = {isa = PBXBuildFile; fileRef = 4184569D2AA5C66500D636BB /* NewsViewController.swift */; };
		418456A02AA5C66500D636BB /* NewsViewController.xib in Resources */ = {isa = PBXBuildFile; fileRef = 4184569E2AA5C66500D636BB /* NewsViewController.xib */; };
		418456A42AA5DB6F00D636BB /* NeswDetailsViewController.swift in Sources */ = {isa = PBXBuildFile; fileRef = 418456A22AA5DB6F00D636BB /* NeswDetailsViewController.swift */; };
		418456A52AA5DB6F00D636BB /* NeswDetailsViewController.xib in Resources */ = {isa = PBXBuildFile; fileRef = 418456A32AA5DB6F00D636BB /* NeswDetailsViewController.xib */; };
		41A935CE2AA62B1900CDABC4 /* BaseViewController.swift in Sources */ = {isa = PBXBuildFile; fileRef = 41A935CD2AA62B1900CDABC4 /* BaseViewController.swift */; };
		41A935D02AA62BAC00CDABC4 /* UIImageView.swift in Sources */ = {isa = PBXBuildFile; fileRef = 41A935CF2AA62BAC00CDABC4 /* UIImageView.swift */; };
		41A935D22AA62E8D00CDABC4 /* Coordinator.swift in Sources */ = {isa = PBXBuildFile; fileRef = 41A935D12AA62E8D00CDABC4 /* Coordinator.swift */; };
		41A935D42AA62E9C00CDABC4 /* AppCoordinator.swift in Sources */ = {isa = PBXBuildFile; fileRef = 41A935D32AA62E9C00CDABC4 /* AppCoordinator.swift */; };
		41A935D62AA62F1300CDABC4 /* NewsCoordinator.swift in Sources */ = {isa = PBXBuildFile; fileRef = 41A935D52AA62F1300CDABC4 /* NewsCoordinator.swift */; };
		41A935D82AA62F6D00CDABC4 /* NewsViewModel.swift in Sources */ = {isa = PBXBuildFile; fileRef = 41A935D72AA62F6D00CDABC4 /* NewsViewModel.swift */; };
		41E480372AA6137500044D2E /* NetworkManager.swift in Sources */ = {isa = PBXBuildFile; fileRef = 41E480362AA6137500044D2E /* NetworkManager.swift */; };
		41E480392AA613A400044D2E /* Reachability.swift in Sources */ = {isa = PBXBuildFile; fileRef = 41E480382AA613A400044D2E /* Reachability.swift */; };
		41E4803B2AA6163600044D2E /* NetWorkEnums.swift in Sources */ = {isa = PBXBuildFile; fileRef = 41E4803A2AA6163600044D2E /* NetWorkEnums.swift */; };
		90B956A6F342C625DE1624A4 /* Pods_SeamLabsTaskTests.framework in Frameworks */ = {isa = PBXBuildFile; fileRef = 6C87C6C8AD31B990176EF29A /* Pods_SeamLabsTaskTests.framework */; };
/* End PBXBuildFile section */

/* Begin PBXContainerItemProxy section */
		418456792AA5C47300D636BB /* PBXContainerItemProxy */ = {
			isa = PBXContainerItemProxy;
			containerPortal = 418456572AA5C46E00D636BB /* Project object */;
			proxyType = 1;
			remoteGlobalIDString = 4184565E2AA5C46E00D636BB;
			remoteInfo = SeamLabsTask;
		};
		418456832AA5C47300D636BB /* PBXContainerItemProxy */ = {
			isa = PBXContainerItemProxy;
			containerPortal = 418456572AA5C46E00D636BB /* Project object */;
			proxyType = 1;
			remoteGlobalIDString = 4184565E2AA5C46E00D636BB;
			remoteInfo = SeamLabsTask;
		};
/* End PBXContainerItemProxy section */

/* Begin PBXFileReference section */
		072394F613983FC22121AEC4 /* Pods-SeamLabsTask.release.xcconfig */ = {isa = PBXFileReference; includeInIndex = 1; lastKnownFileType = text.xcconfig; name = "Pods-SeamLabsTask.release.xcconfig"; path = "Target Support Files/Pods-SeamLabsTask/Pods-SeamLabsTask.release.xcconfig"; sourceTree = "<group>"; };
		28389E4B77CCF18709BB2A1B /* Pods-SeamLabsTask.debug.xcconfig */ = {isa = PBXFileReference; includeInIndex = 1; lastKnownFileType = text.xcconfig; name = "Pods-SeamLabsTask.debug.xcconfig"; path = "Target Support Files/Pods-SeamLabsTask/Pods-SeamLabsTask.debug.xcconfig"; sourceTree = "<group>"; };
		323073A317F0F43D815EB757 /* Pods-SeamLabsTaskTests.release.xcconfig */ = {isa = PBXFileReference; includeInIndex = 1; lastKnownFileType = text.xcconfig; name = "Pods-SeamLabsTaskTests.release.xcconfig"; path = "Target Support Files/Pods-SeamLabsTaskTests/Pods-SeamLabsTaskTests.release.xcconfig"; sourceTree = "<group>"; };
		410BF1512AA78A81001359F7 /* NewsServices.swift */ = {isa = PBXFileReference; lastKnownFileType = sourcecode.swift; name = NewsServices.swift; path = ../../../../../../Documents/NewsServices.swift; sourceTree = "<group>"; };
		410FA6E12AA64A5C00A771C1 /* Date.swift */ = {isa = PBXFileReference; lastKnownFileType = sourcecode.swift; path = Date.swift; sourceTree = "<group>"; };
		410FA6E32AA6569D00A771C1 /* DatabaseManager.swift */ = {isa = PBXFileReference; lastKnownFileType = sourcecode.swift; path = DatabaseManager.swift; sourceTree = "<group>"; };
		410FA6E52AA658D000A771C1 /* PersistenceController.swift */ = {isa = PBXFileReference; lastKnownFileType = sourcecode.swift; path = PersistenceController.swift; sourceTree = "<group>"; };
		410FA6E72AA65D3500A771C1 /* Constants.swift */ = {isa = PBXFileReference; lastKnownFileType = sourcecode.swift; path = Constants.swift; sourceTree = "<group>"; };
		410FA6E92AA65F2800A771C1 /* NewsDateilsCoordinator.swift */ = {isa = PBXFileReference; lastKnownFileType = sourcecode.swift; path = NewsDateilsCoordinator.swift; sourceTree = "<group>"; };
		410FA6EB2AA65FDB00A771C1 /* NeswDetailsViewModel.swift */ = {isa = PBXFileReference; lastKnownFileType = sourcecode.swift; path = NeswDetailsViewModel.swift; sourceTree = "<group>"; };
		410FA6ED2AA6671800A771C1 /* UiView.swift */ = {isa = PBXFileReference; lastKnownFileType = sourcecode.swift; path = UiView.swift; sourceTree = "<group>"; };
		410FA6EF2AA667CD00A771C1 /* String.swift */ = {isa = PBXFileReference; lastKnownFileType = sourcecode.swift; path = String.swift; sourceTree = "<group>"; };
		412DB4292AA75C6100B38F82 /* NewsViewModelTest.swift */ = {isa = PBXFileReference; lastKnownFileType = sourcecode.swift; path = NewsViewModelTest.swift; sourceTree = "<group>"; };
		414A0C092AA627BE0000F52C /* NewsCell.swift */ = {isa = PBXFileReference; lastKnownFileType = sourcecode.swift; path = NewsCell.swift; sourceTree = "<group>"; };
		414A0C0A2AA627BE0000F52C /* NewsCell.xib */ = {isa = PBXFileReference; lastKnownFileType = file.xib; path = NewsCell.xib; sourceTree = "<group>"; };
		414A0C0D2AA628AF0000F52C /* ArticlesResponseData.swift */ = {isa = PBXFileReference; fileEncoding = 4; lastKnownFileType = sourcecode.swift; path = ArticlesResponseData.swift; sourceTree = "<group>"; };
		414A0C0E2AA628AF0000F52C /* Articles.swift */ = {isa = PBXFileReference; fileEncoding = 4; lastKnownFileType = sourcecode.swift; path = Articles.swift; sourceTree = "<group>"; };
		414A0C0F2AA628AF0000F52C /* Source.swift */ = {isa = PBXFileReference; fileEncoding = 4; lastKnownFileType = sourcecode.swift; path = Source.swift; sourceTree = "<group>"; };
		414A0C142AA62A420000F52C /* Spinner.swift */ = {isa = PBXFileReference; lastKnownFileType = sourcecode.swift; path = Spinner.swift; sourceTree = "<group>"; };
		4184565F2AA5C46E00D636BB /* SeamLabsTask.app */ = {isa = PBXFileReference; explicitFileType = wrapper.application; includeInIndex = 0; path = SeamLabsTask.app; sourceTree = BUILT_PRODUCTS_DIR; };
		418456622AA5C46E00D636BB /* AppDelegate.swift */ = {isa = PBXFileReference; lastKnownFileType = sourcecode.swift; path = AppDelegate.swift; sourceTree = "<group>"; };
		418456642AA5C46E00D636BB /* SceneDelegate.swift */ = {isa = PBXFileReference; lastKnownFileType = sourcecode.swift; path = SceneDelegate.swift; sourceTree = "<group>"; };
		4184566C2AA5C46E00D636BB /* SeamLabsTask.xcdatamodel */ = {isa = PBXFileReference; lastKnownFileType = wrapper.xcdatamodel; path = SeamLabsTask.xcdatamodel; sourceTree = "<group>"; };
		4184566E2AA5C47200D636BB /* Assets.xcassets */ = {isa = PBXFileReference; lastKnownFileType = folder.assetcatalog; path = Assets.xcassets; sourceTree = "<group>"; };
		418456712AA5C47200D636BB /* Base */ = {isa = PBXFileReference; lastKnownFileType = file.storyboard; name = Base; path = Base.lproj/LaunchScreen.storyboard; sourceTree = "<group>"; };
		418456732AA5C47200D636BB /* Info.plist */ = {isa = PBXFileReference; lastKnownFileType = text.plist.xml; path = Info.plist; sourceTree = "<group>"; };
		418456782AA5C47300D636BB /* SeamLabsTaskTests.xctest */ = {isa = PBXFileReference; explicitFileType = wrapper.cfbundle; includeInIndex = 0; path = SeamLabsTaskTests.xctest; sourceTree = BUILT_PRODUCTS_DIR; };
		418456822AA5C47300D636BB /* SeamLabsTaskUITests.xctest */ = {isa = PBXFileReference; explicitFileType = wrapper.cfbundle; includeInIndex = 0; path = SeamLabsTaskUITests.xctest; sourceTree = BUILT_PRODUCTS_DIR; };
		418456862AA5C47300D636BB /* SeamLabsTaskUITests.swift */ = {isa = PBXFileReference; lastKnownFileType = sourcecode.swift; path = SeamLabsTaskUITests.swift; sourceTree = "<group>"; };
		418456882AA5C47300D636BB /* SeamLabsTaskUITestsLaunchTests.swift */ = {isa = PBXFileReference; lastKnownFileType = sourcecode.swift; path = SeamLabsTaskUITestsLaunchTests.swift; sourceTree = "<group>"; };
		4184569D2AA5C66500D636BB /* NewsViewController.swift */ = {isa = PBXFileReference; lastKnownFileType = sourcecode.swift; path = NewsViewController.swift; sourceTree = "<group>"; };
		4184569E2AA5C66500D636BB /* NewsViewController.xib */ = {isa = PBXFileReference; lastKnownFileType = file.xib; path = NewsViewController.xib; sourceTree = "<group>"; };
		418456A22AA5DB6F00D636BB /* NeswDetailsViewController.swift */ = {isa = PBXFileReference; lastKnownFileType = sourcecode.swift; path = NeswDetailsViewController.swift; sourceTree = "<group>"; };
		418456A32AA5DB6F00D636BB /* NeswDetailsViewController.xib */ = {isa = PBXFileReference; lastKnownFileType = file.xib; path = NeswDetailsViewController.xib; sourceTree = "<group>"; };
		41A935CD2AA62B1900CDABC4 /* BaseViewController.swift */ = {isa = PBXFileReference; lastKnownFileType = sourcecode.swift; path = BaseViewController.swift; sourceTree = "<group>"; };
		41A935CF2AA62BAC00CDABC4 /* UIImageView.swift */ = {isa = PBXFileReference; lastKnownFileType = sourcecode.swift; path = UIImageView.swift; sourceTree = "<group>"; };
		41A935D12AA62E8D00CDABC4 /* Coordinator.swift */ = {isa = PBXFileReference; lastKnownFileType = sourcecode.swift; path = Coordinator.swift; sourceTree = "<group>"; };
		41A935D32AA62E9C00CDABC4 /* AppCoordinator.swift */ = {isa = PBXFileReference; lastKnownFileType = sourcecode.swift; path = AppCoordinator.swift; sourceTree = "<group>"; };
		41A935D52AA62F1300CDABC4 /* NewsCoordinator.swift */ = {isa = PBXFileReference; lastKnownFileType = sourcecode.swift; path = NewsCoordinator.swift; sourceTree = "<group>"; };
		41A935D72AA62F6D00CDABC4 /* NewsViewModel.swift */ = {isa = PBXFileReference; lastKnownFileType = sourcecode.swift; path = NewsViewModel.swift; sourceTree = "<group>"; };
		41E480362AA6137500044D2E /* NetworkManager.swift */ = {isa = PBXFileReference; lastKnownFileType = sourcecode.swift; path = NetworkManager.swift; sourceTree = "<group>"; };
		41E480382AA613A400044D2E /* Reachability.swift */ = {isa = PBXFileReference; lastKnownFileType = sourcecode.swift; path = Reachability.swift; sourceTree = "<group>"; };
		41E4803A2AA6163600044D2E /* NetWorkEnums.swift */ = {isa = PBXFileReference; lastKnownFileType = sourcecode.swift; path = NetWorkEnums.swift; sourceTree = "<group>"; };
		6C87C6C8AD31B990176EF29A /* Pods_SeamLabsTaskTests.framework */ = {isa = PBXFileReference; explicitFileType = wrapper.framework; includeInIndex = 0; path = Pods_SeamLabsTaskTests.framework; sourceTree = BUILT_PRODUCTS_DIR; };
		8892BC430318FD34E48D5D05 /* Pods-SeamLabsTaskTests.debug.xcconfig */ = {isa = PBXFileReference; includeInIndex = 1; lastKnownFileType = text.xcconfig; name = "Pods-SeamLabsTaskTests.debug.xcconfig"; path = "Target Support Files/Pods-SeamLabsTaskTests/Pods-SeamLabsTaskTests.debug.xcconfig"; sourceTree = "<group>"; };
		8B1936A73AEF20332F3F4EE2 /* Pods_SeamLabsTask.framework */ = {isa = PBXFileReference; explicitFileType = wrapper.framework; includeInIndex = 0; path = Pods_SeamLabsTask.framework; sourceTree = BUILT_PRODUCTS_DIR; };
		F229D7F191F6FF114D31953B /* Pods-SeamLabsTask-SeamLabsTaskUITests.debug.xcconfig */ = {isa = PBXFileReference; includeInIndex = 1; lastKnownFileType = text.xcconfig; name = "Pods-SeamLabsTask-SeamLabsTaskUITests.debug.xcconfig"; path = "Target Support Files/Pods-SeamLabsTask-SeamLabsTaskUITests/Pods-SeamLabsTask-SeamLabsTaskUITests.debug.xcconfig"; sourceTree = "<group>"; };
		F280C27F34227ABD072CAD04 /* Pods-SeamLabsTask-SeamLabsTaskUITests.release.xcconfig */ = {isa = PBXFileReference; includeInIndex = 1; lastKnownFileType = text.xcconfig; name = "Pods-SeamLabsTask-SeamLabsTaskUITests.release.xcconfig"; path = "Target Support Files/Pods-SeamLabsTask-SeamLabsTaskUITests/Pods-SeamLabsTask-SeamLabsTaskUITests.release.xcconfig"; sourceTree = "<group>"; };
		F5428448729A8DCAFB26CBB2 /* Pods_SeamLabsTask_SeamLabsTaskUITests.framework */ = {isa = PBXFileReference; explicitFileType = wrapper.framework; includeInIndex = 0; path = Pods_SeamLabsTask_SeamLabsTaskUITests.framework; sourceTree = BUILT_PRODUCTS_DIR; };
/* End PBXFileReference section */

/* Begin PBXFrameworksBuildPhase section */
		4184565C2AA5C46E00D636BB /* Frameworks */ = {
			isa = PBXFrameworksBuildPhase;
			buildActionMask = 2147483647;
			files = (
				364098ED6E4CBCB51CA5FF80 /* Pods_SeamLabsTask.framework in Frameworks */,
			);
			runOnlyForDeploymentPostprocessing = 0;
		};
		418456752AA5C47300D636BB /* Frameworks */ = {
			isa = PBXFrameworksBuildPhase;
			buildActionMask = 2147483647;
			files = (
				90B956A6F342C625DE1624A4 /* Pods_SeamLabsTaskTests.framework in Frameworks */,
			);
			runOnlyForDeploymentPostprocessing = 0;
		};
		4184567F2AA5C47300D636BB /* Frameworks */ = {
			isa = PBXFrameworksBuildPhase;
			buildActionMask = 2147483647;
			files = (
				0943D6C2DD11F3DC6F479251 /* Pods_SeamLabsTask_SeamLabsTaskUITests.framework in Frameworks */,
			);
			runOnlyForDeploymentPostprocessing = 0;
		};
/* End PBXFrameworksBuildPhase section */

/* Begin PBXGroup section */
		410BF1502AA78A59001359F7 /* Serivces */ = {
			isa = PBXGroup;
			children = (
				410BF1512AA78A81001359F7 /* NewsServices.swift */,
			);
			path = Serivces;
			sourceTree = "<group>";
		};
		414A0C082AA627970000F52C /* tableViewCell */ = {
			isa = PBXGroup;
			children = (
				414A0C092AA627BE0000F52C /* NewsCell.swift */,
				414A0C0A2AA627BE0000F52C /* NewsCell.xib */,
			);
			path = tableViewCell;
			sourceTree = "<group>";
		};
		414A0C132AA62A230000F52C /* Helpers */ = {
			isa = PBXGroup;
			children = (
				414A0C142AA62A420000F52C /* Spinner.swift */,
				41A935CD2AA62B1900CDABC4 /* BaseViewController.swift */,
				41A935D12AA62E8D00CDABC4 /* Coordinator.swift */,
				41A935D32AA62E9C00CDABC4 /* AppCoordinator.swift */,
				410FA6E72AA65D3500A771C1 /* Constants.swift */,
			);
			path = Helpers;
			sourceTree = "<group>";
		};
		418456562AA5C46E00D636BB = {
			isa = PBXGroup;
			children = (
				418456612AA5C46E00D636BB /* SeamLabsTask */,
				4184567B2AA5C47300D636BB /* SeamLabsTaskTests */,
				418456852AA5C47300D636BB /* SeamLabsTaskUITests */,
				418456602AA5C46E00D636BB /* Products */,
				70DC540B525901839195C344 /* Pods */,
				6D43474FE27E0419DA2F6352 /* Frameworks */,
			);
			sourceTree = "<group>";
		};
		418456602AA5C46E00D636BB /* Products */ = {
			isa = PBXGroup;
			children = (
				4184565F2AA5C46E00D636BB /* SeamLabsTask.app */,
				418456782AA5C47300D636BB /* SeamLabsTaskTests.xctest */,
				418456822AA5C47300D636BB /* SeamLabsTaskUITests.xctest */,
			);
			name = Products;
			sourceTree = "<group>";
		};
		418456612AA5C46E00D636BB /* SeamLabsTask */ = {
			isa = PBXGroup;
			children = (
				418456972AA5C4C800D636BB /* Screens */,
				418456962AA5C49E00D636BB /* Resources */,
				418456952AA5C49300D636BB /* AppFile */,
				418456982AA5C50500D636BB /* Extensions */,
				418456AB2AA5DBD400D636BB /* Networking */,
				414A0C132AA62A230000F52C /* Helpers */,
			);
			path = SeamLabsTask;
			sourceTree = "<group>";
		};
		4184567B2AA5C47300D636BB /* SeamLabsTaskTests */ = {
			isa = PBXGroup;
			children = (
				412DB4292AA75C6100B38F82 /* NewsViewModelTest.swift */,
			);
			path = SeamLabsTaskTests;
			sourceTree = "<group>";
		};
		418456852AA5C47300D636BB /* SeamLabsTaskUITests */ = {
			isa = PBXGroup;
			children = (
				418456862AA5C47300D636BB /* SeamLabsTaskUITests.swift */,
				418456882AA5C47300D636BB /* SeamLabsTaskUITestsLaunchTests.swift */,
			);
			path = SeamLabsTaskUITests;
			sourceTree = "<group>";
		};
		418456952AA5C49300D636BB /* AppFile */ = {
			isa = PBXGroup;
			children = (
				418456622AA5C46E00D636BB /* AppDelegate.swift */,
				418456642AA5C46E00D636BB /* SceneDelegate.swift */,
			);
			path = AppFile;
			sourceTree = "<group>";
		};
		418456962AA5C49E00D636BB /* Resources */ = {
			isa = PBXGroup;
			children = (
				4184566E2AA5C47200D636BB /* Assets.xcassets */,
				418456702AA5C47200D636BB /* LaunchScreen.storyboard */,
				418456732AA5C47200D636BB /* Info.plist */,
				4184566B2AA5C46E00D636BB /* ArticlesData.xcdatamodeld */,
			);
			path = Resources;
			sourceTree = "<group>";
		};
		418456972AA5C4C800D636BB /* Screens */ = {
			isa = PBXGroup;
			children = (
				418456A12AA5DB5900D636BB /* NeswDetails */,
				418456992AA5C54F00D636BB /* News */,
			);
			path = Screens;
			sourceTree = "<group>";
		};
		418456982AA5C50500D636BB /* Extensions */ = {
			isa = PBXGroup;
			children = (
				41A935CF2AA62BAC00CDABC4 /* UIImageView.swift */,
				410FA6E12AA64A5C00A771C1 /* Date.swift */,
				410FA6ED2AA6671800A771C1 /* UiView.swift */,
				410FA6EF2AA667CD00A771C1 /* String.swift */,
			);
			path = Extensions;
			sourceTree = "<group>";
		};
		418456992AA5C54F00D636BB /* News */ = {
			isa = PBXGroup;
			children = (
				410BF1502AA78A59001359F7 /* Serivces */,
				418456AA2AA5DB9B00D636BB /* Coordiantor */,
				4184569C2AA5C59E00D636BB /* ViewModel */,
				4184569B2AA5C59900D636BB /* View */,
				4184569A2AA5C59100D636BB /* Model */,
			);
			path = News;
			sourceTree = "<group>";
		};
		4184569A2AA5C59100D636BB /* Model */ = {
			isa = PBXGroup;
			children = (
				414A0C0E2AA628AF0000F52C /* Articles.swift */,
				414A0C0D2AA628AF0000F52C /* ArticlesResponseData.swift */,
				414A0C0F2AA628AF0000F52C /* Source.swift */,
				410FA6E32AA6569D00A771C1 /* DatabaseManager.swift */,
				410FA6E52AA658D000A771C1 /* PersistenceController.swift */,
			);
			path = Model;
			sourceTree = "<group>";
		};
		4184569B2AA5C59900D636BB /* View */ = {
			isa = PBXGroup;
			children = (
				414A0C082AA627970000F52C /* tableViewCell */,
				4184569D2AA5C66500D636BB /* NewsViewController.swift */,
				4184569E2AA5C66500D636BB /* NewsViewController.xib */,
			);
			path = View;
			sourceTree = "<group>";
		};
		4184569C2AA5C59E00D636BB /* ViewModel */ = {
			isa = PBXGroup;
			children = (
				41A935D72AA62F6D00CDABC4 /* NewsViewModel.swift */,
			);
			path = ViewModel;
			sourceTree = "<group>";
		};
		418456A12AA5DB5900D636BB /* NeswDetails */ = {
			isa = PBXGroup;
			children = (
				418456A92AA5DB9300D636BB /* Coordinator */,
				418456A82AA5DB7F00D636BB /* ViewModel */,
				418456A72AA5DB7A00D636BB /* View */,
				418456A62AA5DB7600D636BB /* Model */,
			);
			path = NeswDetails;
			sourceTree = "<group>";
		};
		418456A62AA5DB7600D636BB /* Model */ = {
			isa = PBXGroup;
			children = (
			);
			path = Model;
			sourceTree = "<group>";
		};
		418456A72AA5DB7A00D636BB /* View */ = {
			isa = PBXGroup;
			children = (
				418456A22AA5DB6F00D636BB /* NeswDetailsViewController.swift */,
				418456A32AA5DB6F00D636BB /* NeswDetailsViewController.xib */,
			);
			path = View;
			sourceTree = "<group>";
		};
		418456A82AA5DB7F00D636BB /* ViewModel */ = {
			isa = PBXGroup;
			children = (
				410FA6EB2AA65FDB00A771C1 /* NeswDetailsViewModel.swift */,
			);
			path = ViewModel;
			sourceTree = "<group>";
		};
		418456A92AA5DB9300D636BB /* Coordinator */ = {
			isa = PBXGroup;
			children = (
				410FA6E92AA65F2800A771C1 /* NewsDateilsCoordinator.swift */,
			);
			path = Coordinator;
			sourceTree = "<group>";
		};
		418456AA2AA5DB9B00D636BB /* Coordiantor */ = {
			isa = PBXGroup;
			children = (
				41A935D52AA62F1300CDABC4 /* NewsCoordinator.swift */,
			);
			path = Coordiantor;
			sourceTree = "<group>";
		};
		418456AB2AA5DBD400D636BB /* Networking */ = {
			isa = PBXGroup;
			children = (
				41E480362AA6137500044D2E /* NetworkManager.swift */,
				41E480382AA613A400044D2E /* Reachability.swift */,
				41E4803A2AA6163600044D2E /* NetWorkEnums.swift */,
			);
			path = Networking;
			sourceTree = "<group>";
		};
		6D43474FE27E0419DA2F6352 /* Frameworks */ = {
			isa = PBXGroup;
			children = (
				8B1936A73AEF20332F3F4EE2 /* Pods_SeamLabsTask.framework */,
				F5428448729A8DCAFB26CBB2 /* Pods_SeamLabsTask_SeamLabsTaskUITests.framework */,
				6C87C6C8AD31B990176EF29A /* Pods_SeamLabsTaskTests.framework */,
			);
			name = Frameworks;
			sourceTree = "<group>";
		};
		70DC540B525901839195C344 /* Pods */ = {
			isa = PBXGroup;
			children = (
				28389E4B77CCF18709BB2A1B /* Pods-SeamLabsTask.debug.xcconfig */,
				072394F613983FC22121AEC4 /* Pods-SeamLabsTask.release.xcconfig */,
				F229D7F191F6FF114D31953B /* Pods-SeamLabsTask-SeamLabsTaskUITests.debug.xcconfig */,
				F280C27F34227ABD072CAD04 /* Pods-SeamLabsTask-SeamLabsTaskUITests.release.xcconfig */,
				8892BC430318FD34E48D5D05 /* Pods-SeamLabsTaskTests.debug.xcconfig */,
				323073A317F0F43D815EB757 /* Pods-SeamLabsTaskTests.release.xcconfig */,
			);
			path = Pods;
			sourceTree = "<group>";
		};
/* End PBXGroup section */

/* Begin PBXNativeTarget section */
		4184565E2AA5C46E00D636BB /* SeamLabsTask */ = {
			isa = PBXNativeTarget;
			buildConfigurationList = 4184568C2AA5C47300D636BB /* Build configuration list for PBXNativeTarget "SeamLabsTask" */;
			buildPhases = (
				135F64FBCFD1B9DF4A0696EE /* [CP] Check Pods Manifest.lock */,
				4184565B2AA5C46E00D636BB /* Sources */,
				4184565C2AA5C46E00D636BB /* Frameworks */,
				4184565D2AA5C46E00D636BB /* Resources */,
				08CD99FEFD869FF202F963CD /* [CP] Embed Pods Frameworks */,
			);
			buildRules = (
			);
			dependencies = (
			);
			name = SeamLabsTask;
			productName = SeamLabsTask;
			productReference = 4184565F2AA5C46E00D636BB /* SeamLabsTask.app */;
			productType = "com.apple.product-type.application";
		};
		418456772AA5C47300D636BB /* SeamLabsTaskTests */ = {
			isa = PBXNativeTarget;
			buildConfigurationList = 4184568F2AA5C47300D636BB /* Build configuration list for PBXNativeTarget "SeamLabsTaskTests" */;
			buildPhases = (
				88629D486CCCC1E970231A5F /* [CP] Check Pods Manifest.lock */,
				418456742AA5C47300D636BB /* Sources */,
				418456752AA5C47300D636BB /* Frameworks */,
				418456762AA5C47300D636BB /* Resources */,
			);
			buildRules = (
			);
			dependencies = (
				4184567A2AA5C47300D636BB /* PBXTargetDependency */,
			);
			name = SeamLabsTaskTests;
			productName = SeamLabsTaskTests;
			productReference = 418456782AA5C47300D636BB /* SeamLabsTaskTests.xctest */;
			productType = "com.apple.product-type.bundle.unit-test";
		};
		418456812AA5C47300D636BB /* SeamLabsTaskUITests */ = {
			isa = PBXNativeTarget;
			buildConfigurationList = 418456922AA5C47300D636BB /* Build configuration list for PBXNativeTarget "SeamLabsTaskUITests" */;
			buildPhases = (
				B543F4B862652C92284127F2 /* [CP] Check Pods Manifest.lock */,
				4184567E2AA5C47300D636BB /* Sources */,
				4184567F2AA5C47300D636BB /* Frameworks */,
				418456802AA5C47300D636BB /* Resources */,
				F97C9A86B31751A330C3E08D /* [CP] Embed Pods Frameworks */,
			);
			buildRules = (
			);
			dependencies = (
				418456842AA5C47300D636BB /* PBXTargetDependency */,
			);
			name = SeamLabsTaskUITests;
			productName = SeamLabsTaskUITests;
			productReference = 418456822AA5C47300D636BB /* SeamLabsTaskUITests.xctest */;
			productType = "com.apple.product-type.bundle.ui-testing";
		};
/* End PBXNativeTarget section */

/* Begin PBXProject section */
		418456572AA5C46E00D636BB /* Project object */ = {
			isa = PBXProject;
			attributes = {
				BuildIndependentTargetsInParallel = 1;
				LastSwiftUpdateCheck = 1420;
				LastUpgradeCheck = 1420;
				TargetAttributes = {
					4184565E2AA5C46E00D636BB = {
						CreatedOnToolsVersion = 14.2;
					};
					418456772AA5C47300D636BB = {
						CreatedOnToolsVersion = 14.2;
						TestTargetID = 4184565E2AA5C46E00D636BB;
					};
					418456812AA5C47300D636BB = {
						CreatedOnToolsVersion = 14.2;
						TestTargetID = 4184565E2AA5C46E00D636BB;
					};
				};
			};
			buildConfigurationList = 4184565A2AA5C46E00D636BB /* Build configuration list for PBXProject "SeamLabsTask" */;
			compatibilityVersion = "Xcode 14.0";
			developmentRegion = en;
			hasScannedForEncodings = 0;
			knownRegions = (
				en,
				Base,
			);
			mainGroup = 418456562AA5C46E00D636BB;
			productRefGroup = 418456602AA5C46E00D636BB /* Products */;
			projectDirPath = "";
			projectRoot = "";
			targets = (
				4184565E2AA5C46E00D636BB /* SeamLabsTask */,
				418456772AA5C47300D636BB /* SeamLabsTaskTests */,
				418456812AA5C47300D636BB /* SeamLabsTaskUITests */,
			);
		};
/* End PBXProject section */

/* Begin PBXResourcesBuildPhase section */
		4184565D2AA5C46E00D636BB /* Resources */ = {
			isa = PBXResourcesBuildPhase;
			buildActionMask = 2147483647;
			files = (
				418456A52AA5DB6F00D636BB /* NeswDetailsViewController.xib in Resources */,
				418456722AA5C47200D636BB /* LaunchScreen.storyboard in Resources */,
				414A0C0C2AA627BE0000F52C /* NewsCell.xib in Resources */,
				4184566F2AA5C47200D636BB /* Assets.xcassets in Resources */,
				418456A02AA5C66500D636BB /* NewsViewController.xib in Resources */,
			);
			runOnlyForDeploymentPostprocessing = 0;
		};
		418456762AA5C47300D636BB /* Resources */ = {
			isa = PBXResourcesBuildPhase;
			buildActionMask = 2147483647;
			files = (
			);
			runOnlyForDeploymentPostprocessing = 0;
		};
		418456802AA5C47300D636BB /* Resources */ = {
			isa = PBXResourcesBuildPhase;
			buildActionMask = 2147483647;
			files = (
			);
			runOnlyForDeploymentPostprocessing = 0;
		};
/* End PBXResourcesBuildPhase section */

/* Begin PBXShellScriptBuildPhase section */
		08CD99FEFD869FF202F963CD /* [CP] Embed Pods Frameworks */ = {
			isa = PBXShellScriptBuildPhase;
			buildActionMask = 2147483647;
			files = (
			);
			inputFileListPaths = (
				"${PODS_ROOT}/Target Support Files/Pods-SeamLabsTask/Pods-SeamLabsTask-frameworks-${CONFIGURATION}-input-files.xcfilelist",
			);
			name = "[CP] Embed Pods Frameworks";
			outputFileListPaths = (
				"${PODS_ROOT}/Target Support Files/Pods-SeamLabsTask/Pods-SeamLabsTask-frameworks-${CONFIGURATION}-output-files.xcfilelist",
			);
			runOnlyForDeploymentPostprocessing = 0;
			shellPath = /bin/sh;
			shellScript = "\"${PODS_ROOT}/Target Support Files/Pods-SeamLabsTask/Pods-SeamLabsTask-frameworks.sh\"\n";
			showEnvVarsInLog = 0;
		};
		135F64FBCFD1B9DF4A0696EE /* [CP] Check Pods Manifest.lock */ = {
			isa = PBXShellScriptBuildPhase;
			buildActionMask = 2147483647;
			files = (
			);
			inputFileListPaths = (
			);
			inputPaths = (
				"${PODS_PODFILE_DIR_PATH}/Podfile.lock",
				"${PODS_ROOT}/Manifest.lock",
			);
			name = "[CP] Check Pods Manifest.lock";
			outputFileListPaths = (
			);
			outputPaths = (
				"$(DERIVED_FILE_DIR)/Pods-SeamLabsTask-checkManifestLockResult.txt",
			);
			runOnlyForDeploymentPostprocessing = 0;
			shellPath = /bin/sh;
			shellScript = "diff \"${PODS_PODFILE_DIR_PATH}/Podfile.lock\" \"${PODS_ROOT}/Manifest.lock\" > /dev/null\nif [ $? != 0 ] ; then\n    # print error to STDERR\n    echo \"error: The sandbox is not in sync with the Podfile.lock. Run 'pod install' or update your CocoaPods installation.\" >&2\n    exit 1\nfi\n# This output is used by Xcode 'outputs' to avoid re-running this script phase.\necho \"SUCCESS\" > \"${SCRIPT_OUTPUT_FILE_0}\"\n";
			showEnvVarsInLog = 0;
		};
		88629D486CCCC1E970231A5F /* [CP] Check Pods Manifest.lock */ = {
			isa = PBXShellScriptBuildPhase;
			buildActionMask = 2147483647;
			files = (
			);
			inputFileListPaths = (
			);
			inputPaths = (
				"${PODS_PODFILE_DIR_PATH}/Podfile.lock",
				"${PODS_ROOT}/Manifest.lock",
			);
			name = "[CP] Check Pods Manifest.lock";
			outputFileListPaths = (
			);
			outputPaths = (
				"$(DERIVED_FILE_DIR)/Pods-SeamLabsTaskTests-checkManifestLockResult.txt",
			);
			runOnlyForDeploymentPostprocessing = 0;
			shellPath = /bin/sh;
			shellScript = "diff \"${PODS_PODFILE_DIR_PATH}/Podfile.lock\" \"${PODS_ROOT}/Manifest.lock\" > /dev/null\nif [ $? != 0 ] ; then\n    # print error to STDERR\n    echo \"error: The sandbox is not in sync with the Podfile.lock. Run 'pod install' or update your CocoaPods installation.\" >&2\n    exit 1\nfi\n# This output is used by Xcode 'outputs' to avoid re-running this script phase.\necho \"SUCCESS\" > \"${SCRIPT_OUTPUT_FILE_0}\"\n";
			showEnvVarsInLog = 0;
		};
		B543F4B862652C92284127F2 /* [CP] Check Pods Manifest.lock */ = {
			isa = PBXShellScriptBuildPhase;
			buildActionMask = 2147483647;
			files = (
			);
			inputFileListPaths = (
			);
			inputPaths = (
				"${PODS_PODFILE_DIR_PATH}/Podfile.lock",
				"${PODS_ROOT}/Manifest.lock",
			);
			name = "[CP] Check Pods Manifest.lock";
			outputFileListPaths = (
			);
			outputPaths = (
				"$(DERIVED_FILE_DIR)/Pods-SeamLabsTask-SeamLabsTaskUITests-checkManifestLockResult.txt",
			);
			runOnlyForDeploymentPostprocessing = 0;
			shellPath = /bin/sh;
			shellScript = "diff \"${PODS_PODFILE_DIR_PATH}/Podfile.lock\" \"${PODS_ROOT}/Manifest.lock\" > /dev/null\nif [ $? != 0 ] ; then\n    # print error to STDERR\n    echo \"error: The sandbox is not in sync with the Podfile.lock. Run 'pod install' or update your CocoaPods installation.\" >&2\n    exit 1\nfi\n# This output is used by Xcode 'outputs' to avoid re-running this script phase.\necho \"SUCCESS\" > \"${SCRIPT_OUTPUT_FILE_0}\"\n";
			showEnvVarsInLog = 0;
		};
		F97C9A86B31751A330C3E08D /* [CP] Embed Pods Frameworks */ = {
			isa = PBXShellScriptBuildPhase;
			buildActionMask = 2147483647;
			files = (
			);
			inputFileListPaths = (
				"${PODS_ROOT}/Target Support Files/Pods-SeamLabsTask-SeamLabsTaskUITests/Pods-SeamLabsTask-SeamLabsTaskUITests-frameworks-${CONFIGURATION}-input-files.xcfilelist",
			);
			name = "[CP] Embed Pods Frameworks";
			outputFileListPaths = (
				"${PODS_ROOT}/Target Support Files/Pods-SeamLabsTask-SeamLabsTaskUITests/Pods-SeamLabsTask-SeamLabsTaskUITests-frameworks-${CONFIGURATION}-output-files.xcfilelist",
			);
			runOnlyForDeploymentPostprocessing = 0;
			shellPath = /bin/sh;
			shellScript = "\"${PODS_ROOT}/Target Support Files/Pods-SeamLabsTask-SeamLabsTaskUITests/Pods-SeamLabsTask-SeamLabsTaskUITests-frameworks.sh\"\n";
			showEnvVarsInLog = 0;
		};
/* End PBXShellScriptBuildPhase section */

/* Begin PBXSourcesBuildPhase section */
		4184565B2AA5C46E00D636BB /* Sources */ = {
			isa = PBXSourcesBuildPhase;
			buildActionMask = 2147483647;
			files = (
				41A935D22AA62E8D00CDABC4 /* Coordinator.swift in Sources */,
				41E480392AA613A400044D2E /* Reachability.swift in Sources */,
				41A935D42AA62E9C00CDABC4 /* AppCoordinator.swift in Sources */,
				410FA6F02AA667CD00A771C1 /* String.swift in Sources */,
				41A935D02AA62BAC00CDABC4 /* UIImageView.swift in Sources */,
				414A0C0B2AA627BE0000F52C /* NewsCell.swift in Sources */,
				41E480372AA6137500044D2E /* NetworkManager.swift in Sources */,
				410FA6E82AA65D3500A771C1 /* Constants.swift in Sources */,
				410FA6EC2AA65FDB00A771C1 /* NeswDetailsViewModel.swift in Sources */,
				410FA6EE2AA6671800A771C1 /* UiView.swift in Sources */,
				414A0C102AA628AF0000F52C /* ArticlesResponseData.swift in Sources */,
				414A0C152AA62A420000F52C /* Spinner.swift in Sources */,
				41A935CE2AA62B1900CDABC4 /* BaseViewController.swift in Sources */,
				41A935D82AA62F6D00CDABC4 /* NewsViewModel.swift in Sources */,
				4184566D2AA5C46E00D636BB /* ArticlesData.xcdatamodeld in Sources */,
				410FA6E22AA64A5C00A771C1 /* Date.swift in Sources */,
				418456632AA5C46E00D636BB /* AppDelegate.swift in Sources */,
				41A935D62AA62F1300CDABC4 /* NewsCoordinator.swift in Sources */,
				418456652AA5C46E00D636BB /* SceneDelegate.swift in Sources */,
				410FA6E62AA658D000A771C1 /* PersistenceController.swift in Sources */,
				4184569F2AA5C66500D636BB /* NewsViewController.swift in Sources */,
				414A0C122AA628AF0000F52C /* Source.swift in Sources */,
				418456A42AA5DB6F00D636BB /* NeswDetailsViewController.swift in Sources */,
				414A0C112AA628AF0000F52C /* Articles.swift in Sources */,
				41E4803B2AA6163600044D2E /* NetWorkEnums.swift in Sources */,
				410FA6EA2AA65F2800A771C1 /* NewsDateilsCoordinator.swift in Sources */,
				410BF1522AA78A81001359F7 /* NewsServices.swift in Sources */,
				410FA6E42AA6569D00A771C1 /* DatabaseManager.swift in Sources */,
			);
			runOnlyForDeploymentPostprocessing = 0;
		};
		418456742AA5C47300D636BB /* Sources */ = {
			isa = PBXSourcesBuildPhase;
			buildActionMask = 2147483647;
			files = (
				412DB42A2AA75C6100B38F82 /* NewsViewModelTest.swift in Sources */,
			);
			runOnlyForDeploymentPostprocessing = 0;
		};
		4184567E2AA5C47300D636BB /* Sources */ = {
			isa = PBXSourcesBuildPhase;
			buildActionMask = 2147483647;
			files = (
				418456872AA5C47300D636BB /* SeamLabsTaskUITests.swift in Sources */,
				418456892AA5C47300D636BB /* SeamLabsTaskUITestsLaunchTests.swift in Sources */,
			);
			runOnlyForDeploymentPostprocessing = 0;
		};
/* End PBXSourcesBuildPhase section */

/* Begin PBXTargetDependency section */
		4184567A2AA5C47300D636BB /* PBXTargetDependency */ = {
			isa = PBXTargetDependency;
			target = 4184565E2AA5C46E00D636BB /* SeamLabsTask */;
			targetProxy = 418456792AA5C47300D636BB /* PBXContainerItemProxy */;
		};
		418456842AA5C47300D636BB /* PBXTargetDependency */ = {
			isa = PBXTargetDependency;
			target = 4184565E2AA5C46E00D636BB /* SeamLabsTask */;
			targetProxy = 418456832AA5C47300D636BB /* PBXContainerItemProxy */;
		};
/* End PBXTargetDependency section */

/* Begin PBXVariantGroup section */
		418456702AA5C47200D636BB /* LaunchScreen.storyboard */ = {
			isa = PBXVariantGroup;
			children = (
				418456712AA5C47200D636BB /* Base */,
			);
			name = LaunchScreen.storyboard;
			sourceTree = "<group>";
		};
/* End PBXVariantGroup section */

/* Begin XCBuildConfiguration section */
		4184568A2AA5C47300D636BB /* Debug */ = {
			isa = XCBuildConfiguration;
			buildSettings = {
				ALWAYS_SEARCH_USER_PATHS = NO;
				CLANG_ANALYZER_NONNULL = YES;
				CLANG_ANALYZER_NUMBER_OBJECT_CONVERSION = YES_AGGRESSIVE;
				CLANG_CXX_LANGUAGE_STANDARD = "gnu++20";
				CLANG_ENABLE_MODULES = YES;
				CLANG_ENABLE_OBJC_ARC = YES;
				CLANG_ENABLE_OBJC_WEAK = YES;
				CLANG_WARN_BLOCK_CAPTURE_AUTORELEASING = YES;
				CLANG_WARN_BOOL_CONVERSION = YES;
				CLANG_WARN_COMMA = YES;
				CLANG_WARN_CONSTANT_CONVERSION = YES;
				CLANG_WARN_DEPRECATED_OBJC_IMPLEMENTATIONS = YES;
				CLANG_WARN_DIRECT_OBJC_ISA_USAGE = YES_ERROR;
				CLANG_WARN_DOCUMENTATION_COMMENTS = YES;
				CLANG_WARN_EMPTY_BODY = YES;
				CLANG_WARN_ENUM_CONVERSION = YES;
				CLANG_WARN_INFINITE_RECURSION = YES;
				CLANG_WARN_INT_CONVERSION = YES;
				CLANG_WARN_NON_LITERAL_NULL_CONVERSION = YES;
				CLANG_WARN_OBJC_IMPLICIT_RETAIN_SELF = YES;
				CLANG_WARN_OBJC_LITERAL_CONVERSION = YES;
				CLANG_WARN_OBJC_ROOT_CLASS = YES_ERROR;
				CLANG_WARN_QUOTED_INCLUDE_IN_FRAMEWORK_HEADER = YES;
				CLANG_WARN_RANGE_LOOP_ANALYSIS = YES;
				CLANG_WARN_STRICT_PROTOTYPES = YES;
				CLANG_WARN_SUSPICIOUS_MOVE = YES;
				CLANG_WARN_UNGUARDED_AVAILABILITY = YES_AGGRESSIVE;
				CLANG_WARN_UNREACHABLE_CODE = YES;
				CLANG_WARN__DUPLICATE_METHOD_MATCH = YES;
				COPY_PHASE_STRIP = NO;
				DEBUG_INFORMATION_FORMAT = dwarf;
				ENABLE_STRICT_OBJC_MSGSEND = YES;
				ENABLE_TESTABILITY = YES;
				GCC_C_LANGUAGE_STANDARD = gnu11;
				GCC_DYNAMIC_NO_PIC = NO;
				GCC_NO_COMMON_BLOCKS = YES;
				GCC_OPTIMIZATION_LEVEL = 0;
				GCC_PREPROCESSOR_DEFINITIONS = (
					"DEBUG=1",
					"$(inherited)",
				);
				GCC_WARN_64_TO_32_BIT_CONVERSION = YES;
				GCC_WARN_ABOUT_RETURN_TYPE = YES_ERROR;
				GCC_WARN_UNDECLARED_SELECTOR = YES;
				GCC_WARN_UNINITIALIZED_AUTOS = YES_AGGRESSIVE;
				GCC_WARN_UNUSED_FUNCTION = YES;
				GCC_WARN_UNUSED_VARIABLE = YES;
				IPHONEOS_DEPLOYMENT_TARGET = 16.2;
				MTL_ENABLE_DEBUG_INFO = INCLUDE_SOURCE;
				MTL_FAST_MATH = YES;
				ONLY_ACTIVE_ARCH = YES;
				SDKROOT = iphoneos;
				SWIFT_ACTIVE_COMPILATION_CONDITIONS = DEBUG;
				SWIFT_OPTIMIZATION_LEVEL = "-Onone";
			};
			name = Debug;
		};
		4184568B2AA5C47300D636BB /* Release */ = {
			isa = XCBuildConfiguration;
			buildSettings = {
				ALWAYS_SEARCH_USER_PATHS = NO;
				CLANG_ANALYZER_NONNULL = YES;
				CLANG_ANALYZER_NUMBER_OBJECT_CONVERSION = YES_AGGRESSIVE;
				CLANG_CXX_LANGUAGE_STANDARD = "gnu++20";
				CLANG_ENABLE_MODULES = YES;
				CLANG_ENABLE_OBJC_ARC = YES;
				CLANG_ENABLE_OBJC_WEAK = YES;
				CLANG_WARN_BLOCK_CAPTURE_AUTORELEASING = YES;
				CLANG_WARN_BOOL_CONVERSION = YES;
				CLANG_WARN_COMMA = YES;
				CLANG_WARN_CONSTANT_CONVERSION = YES;
				CLANG_WARN_DEPRECATED_OBJC_IMPLEMENTATIONS = YES;
				CLANG_WARN_DIRECT_OBJC_ISA_USAGE = YES_ERROR;
				CLANG_WARN_DOCUMENTATION_COMMENTS = YES;
				CLANG_WARN_EMPTY_BODY = YES;
				CLANG_WARN_ENUM_CONVERSION = YES;
				CLANG_WARN_INFINITE_RECURSION = YES;
				CLANG_WARN_INT_CONVERSION = YES;
				CLANG_WARN_NON_LITERAL_NULL_CONVERSION = YES;
				CLANG_WARN_OBJC_IMPLICIT_RETAIN_SELF = YES;
				CLANG_WARN_OBJC_LITERAL_CONVERSION = YES;
				CLANG_WARN_OBJC_ROOT_CLASS = YES_ERROR;
				CLANG_WARN_QUOTED_INCLUDE_IN_FRAMEWORK_HEADER = YES;
				CLANG_WARN_RANGE_LOOP_ANALYSIS = YES;
				CLANG_WARN_STRICT_PROTOTYPES = YES;
				CLANG_WARN_SUSPICIOUS_MOVE = YES;
				CLANG_WARN_UNGUARDED_AVAILABILITY = YES_AGGRESSIVE;
				CLANG_WARN_UNREACHABLE_CODE = YES;
				CLANG_WARN__DUPLICATE_METHOD_MATCH = YES;
				COPY_PHASE_STRIP = NO;
				DEBUG_INFORMATION_FORMAT = "dwarf-with-dsym";
				ENABLE_NS_ASSERTIONS = NO;
				ENABLE_STRICT_OBJC_MSGSEND = YES;
				GCC_C_LANGUAGE_STANDARD = gnu11;
				GCC_NO_COMMON_BLOCKS = YES;
				GCC_WARN_64_TO_32_BIT_CONVERSION = YES;
				GCC_WARN_ABOUT_RETURN_TYPE = YES_ERROR;
				GCC_WARN_UNDECLARED_SELECTOR = YES;
				GCC_WARN_UNINITIALIZED_AUTOS = YES_AGGRESSIVE;
				GCC_WARN_UNUSED_FUNCTION = YES;
				GCC_WARN_UNUSED_VARIABLE = YES;
				IPHONEOS_DEPLOYMENT_TARGET = 16.2;
				MTL_ENABLE_DEBUG_INFO = NO;
				MTL_FAST_MATH = YES;
				SDKROOT = iphoneos;
				SWIFT_COMPILATION_MODE = wholemodule;
				SWIFT_OPTIMIZATION_LEVEL = "-O";
				VALIDATE_PRODUCT = YES;
			};
			name = Release;
		};
		4184568D2AA5C47300D636BB /* Debug */ = {
			isa = XCBuildConfiguration;
			baseConfigurationReference = 28389E4B77CCF18709BB2A1B /* Pods-SeamLabsTask.debug.xcconfig */;
			buildSettings = {
				ASSETCATALOG_COMPILER_APPICON_NAME = AppIcon;
				ASSETCATALOG_COMPILER_GLOBAL_ACCENT_COLOR_NAME = AccentColor;
				CODE_SIGN_STYLE = Automatic;
				CURRENT_PROJECT_VERSION = 1;
				DEVELOPMENT_TEAM = NLMQ6J3UBG;
				GENERATE_INFOPLIST_FILE = YES;
				INFOPLIST_FILE = SeamLabsTask/Resources/Info.plist;
				INFOPLIST_KEY_UIApplicationSupportsIndirectInputEvents = YES;
				INFOPLIST_KEY_UILaunchStoryboardName = LaunchScreen;
				INFOPLIST_KEY_UIMainStoryboardFile = "";
				INFOPLIST_KEY_UISupportedInterfaceOrientations_iPad = "UIInterfaceOrientationPortrait UIInterfaceOrientationPortraitUpsideDown UIInterfaceOrientationLandscapeLeft UIInterfaceOrientationLandscapeRight";
				INFOPLIST_KEY_UISupportedInterfaceOrientations_iPhone = "UIInterfaceOrientationPortrait UIInterfaceOrientationLandscapeLeft UIInterfaceOrientationLandscapeRight";
				LD_RUNPATH_SEARCH_PATHS = (
					"$(inherited)",
					"@executable_path/Frameworks",
				);
				MARKETING_VERSION = 1.0;
				PRODUCT_BUNDLE_IDENTIFIER = com.SataTechnologyGroup.SeamLabsTask;
				PRODUCT_NAME = "$(TARGET_NAME)";
				SWIFT_EMIT_LOC_STRINGS = YES;
				SWIFT_VERSION = 5.0;
				TARGETED_DEVICE_FAMILY = "1,2";
			};
			name = Debug;
		};
		4184568E2AA5C47300D636BB /* Release */ = {
			isa = XCBuildConfiguration;
			baseConfigurationReference = 072394F613983FC22121AEC4 /* Pods-SeamLabsTask.release.xcconfig */;
			buildSettings = {
				ASSETCATALOG_COMPILER_APPICON_NAME = AppIcon;
				ASSETCATALOG_COMPILER_GLOBAL_ACCENT_COLOR_NAME = AccentColor;
				CODE_SIGN_STYLE = Automatic;
				CURRENT_PROJECT_VERSION = 1;
				DEVELOPMENT_TEAM = NLMQ6J3UBG;
				GENERATE_INFOPLIST_FILE = YES;
				INFOPLIST_FILE = SeamLabsTask/Resources/Info.plist;
				INFOPLIST_KEY_UIApplicationSupportsIndirectInputEvents = YES;
				INFOPLIST_KEY_UILaunchStoryboardName = LaunchScreen;
				INFOPLIST_KEY_UIMainStoryboardFile = "";
				INFOPLIST_KEY_UISupportedInterfaceOrientations_iPad = "UIInterfaceOrientationPortrait UIInterfaceOrientationPortraitUpsideDown UIInterfaceOrientationLandscapeLeft UIInterfaceOrientationLandscapeRight";
				INFOPLIST_KEY_UISupportedInterfaceOrientations_iPhone = "UIInterfaceOrientationPortrait UIInterfaceOrientationLandscapeLeft UIInterfaceOrientationLandscapeRight";
				LD_RUNPATH_SEARCH_PATHS = (
					"$(inherited)",
					"@executable_path/Frameworks",
				);
				MARKETING_VERSION = 1.0;
				PRODUCT_BUNDLE_IDENTIFIER = com.SataTechnologyGroup.SeamLabsTask;
				PRODUCT_NAME = "$(TARGET_NAME)";
				SWIFT_EMIT_LOC_STRINGS = YES;
				SWIFT_VERSION = 5.0;
				TARGETED_DEVICE_FAMILY = "1,2";
			};
			name = Release;
		};
		418456902AA5C47300D636BB /* Debug */ = {
			isa = XCBuildConfiguration;
			baseConfigurationReference = 8892BC430318FD34E48D5D05 /* Pods-SeamLabsTaskTests.debug.xcconfig */;
			buildSettings = {
				ALWAYS_EMBED_SWIFT_STANDARD_LIBRARIES = YES;
				BUNDLE_LOADER = "$(TEST_HOST)";
				CODE_SIGN_STYLE = Automatic;
				CURRENT_PROJECT_VERSION = 1;
				DEVELOPMENT_TEAM = NLMQ6J3UBG;
				GENERATE_INFOPLIST_FILE = YES;
				IPHONEOS_DEPLOYMENT_TARGET = 16.2;
				MARKETING_VERSION = 1.0;
				PRODUCT_BUNDLE_IDENTIFIER = com.SataTechnologyGroup.SeamLabsTaskTests;
				PRODUCT_NAME = "$(TARGET_NAME)";
				SWIFT_EMIT_LOC_STRINGS = NO;
				SWIFT_VERSION = 5.0;
				TARGETED_DEVICE_FAMILY = "1,2";
				TEST_HOST = "$(BUILT_PRODUCTS_DIR)/SeamLabsTask.app/$(BUNDLE_EXECUTABLE_FOLDER_PATH)/SeamLabsTask";
			};
			name = Debug;
		};
		418456912AA5C47300D636BB /* Release */ = {
			isa = XCBuildConfiguration;
			baseConfigurationReference = 323073A317F0F43D815EB757 /* Pods-SeamLabsTaskTests.release.xcconfig */;
			buildSettings = {
				ALWAYS_EMBED_SWIFT_STANDARD_LIBRARIES = YES;
				BUNDLE_LOADER = "$(TEST_HOST)";
				CODE_SIGN_STYLE = Automatic;
				CURRENT_PROJECT_VERSION = 1;
				DEVELOPMENT_TEAM = NLMQ6J3UBG;
				GENERATE_INFOPLIST_FILE = YES;
				IPHONEOS_DEPLOYMENT_TARGET = 16.2;
				MARKETING_VERSION = 1.0;
				PRODUCT_BUNDLE_IDENTIFIER = com.SataTechnologyGroup.SeamLabsTaskTests;
				PRODUCT_NAME = "$(TARGET_NAME)";
				SWIFT_EMIT_LOC_STRINGS = NO;
				SWIFT_VERSION = 5.0;
				TARGETED_DEVICE_FAMILY = "1,2";
				TEST_HOST = "$(BUILT_PRODUCTS_DIR)/SeamLabsTask.app/$(BUNDLE_EXECUTABLE_FOLDER_PATH)/SeamLabsTask";
			};
			name = Release;
		};
		418456932AA5C47300D636BB /* Debug */ = {
			isa = XCBuildConfiguration;
			baseConfigurationReference = F229D7F191F6FF114D31953B /* Pods-SeamLabsTask-SeamLabsTaskUITests.debug.xcconfig */;
			buildSettings = {
				ALWAYS_EMBED_SWIFT_STANDARD_LIBRARIES = YES;
				CODE_SIGN_STYLE = Automatic;
				CURRENT_PROJECT_VERSION = 1;
				DEVELOPMENT_TEAM = NLMQ6J3UBG;
				GENERATE_INFOPLIST_FILE = YES;
				MARKETING_VERSION = 1.0;
				PRODUCT_BUNDLE_IDENTIFIER = com.SataTechnologyGroup.SeamLabsTaskUITests;
				PRODUCT_NAME = "$(TARGET_NAME)";
				SWIFT_EMIT_LOC_STRINGS = NO;
				SWIFT_VERSION = 5.0;
				TARGETED_DEVICE_FAMILY = "1,2";
				TEST_TARGET_NAME = SeamLabsTask;
			};
			name = Debug;
		};
		418456942AA5C47300D636BB /* Release */ = {
			isa = XCBuildConfiguration;
			baseConfigurationReference = F280C27F34227ABD072CAD04 /* Pods-SeamLabsTask-SeamLabsTaskUITests.release.xcconfig */;
			buildSettings = {
				ALWAYS_EMBED_SWIFT_STANDARD_LIBRARIES = YES;
				CODE_SIGN_STYLE = Automatic;
				CURRENT_PROJECT_VERSION = 1;
				DEVELOPMENT_TEAM = NLMQ6J3UBG;
				GENERATE_INFOPLIST_FILE = YES;
				MARKETING_VERSION = 1.0;
				PRODUCT_BUNDLE_IDENTIFIER = com.SataTechnologyGroup.SeamLabsTaskUITests;
				PRODUCT_NAME = "$(TARGET_NAME)";
				SWIFT_EMIT_LOC_STRINGS = NO;
				SWIFT_VERSION = 5.0;
				TARGETED_DEVICE_FAMILY = "1,2";
				TEST_TARGET_NAME = SeamLabsTask;
			};
			name = Release;
		};
/* End XCBuildConfiguration section */

/* Begin XCConfigurationList section */
		4184565A2AA5C46E00D636BB /* Build configuration list for PBXProject "SeamLabsTask" */ = {
			isa = XCConfigurationList;
			buildConfigurations = (
				4184568A2AA5C47300D636BB /* Debug */,
				4184568B2AA5C47300D636BB /* Release */,
			);
			defaultConfigurationIsVisible = 0;
			defaultConfigurationName = Release;
		};
		4184568C2AA5C47300D636BB /* Build configuration list for PBXNativeTarget "SeamLabsTask" */ = {
			isa = XCConfigurationList;
			buildConfigurations = (
				4184568D2AA5C47300D636BB /* Debug */,
				4184568E2AA5C47300D636BB /* Release */,
			);
			defaultConfigurationIsVisible = 0;
			defaultConfigurationName = Release;
		};
		4184568F2AA5C47300D636BB /* Build configuration list for PBXNativeTarget "SeamLabsTaskTests" */ = {
			isa = XCConfigurationList;
			buildConfigurations = (
				418456902AA5C47300D636BB /* Debug */,
				418456912AA5C47300D636BB /* Release */,
			);
			defaultConfigurationIsVisible = 0;
			defaultConfigurationName = Release;
		};
		418456922AA5C47300D636BB /* Build configuration list for PBXNativeTarget "SeamLabsTaskUITests" */ = {
			isa = XCConfigurationList;
			buildConfigurations = (
				418456932AA5C47300D636BB /* Debug */,
				418456942AA5C47300D636BB /* Release */,
			);
			defaultConfigurationIsVisible = 0;
			defaultConfigurationName = Release;
		};
/* End XCConfigurationList section */

/* Begin XCVersionGroup section */
		4184566B2AA5C46E00D636BB /* ArticlesData.xcdatamodeld */ = {
			isa = XCVersionGroup;
			children = (
				4184566C2AA5C46E00D636BB /* SeamLabsTask.xcdatamodel */,
			);
			currentVersion = 4184566C2AA5C46E00D636BB /* SeamLabsTask.xcdatamodel */;
			path = ArticlesData.xcdatamodeld;
			sourceTree = "<group>";
			versionGroupType = wrapper.xcdatamodel;
		};
/* End XCVersionGroup section */
	};
	rootObject = 418456572AA5C46E00D636BB /* Project object */;
}
